
Microsoft Visual Studio Solution File, Format Version 12.00
# Visual Studio Version 17
VisualStudioVersion = 17.0.32126.317
MinimumVisualStudioVersion = 10.0.40219.1
Project("{FAE04EC0-301F-11D3-BF4B-00C04F79EFBC}") = "EmployeeWageComputation1", "EmployeeWageComputation1\EmployeeWageComputation1.csproj", "{ABDDB53B-5688-4134-A6EB-9CBA4DECBF13}"
EndProject
Global
	GlobalSection(SolutionConfigurationPlatforms) = preSolution
		Debug|Any CPU = Debug|Any CPU
		Release|Any CPU = Release|Any CPU
	EndGlobalSection
	GlobalSection(ProjectConfigurationPlatforms) = postSolution
		{ABDDB53B-5688-4134-A6EB-9CBA4DECBF13}.Debug|Any CPU.ActiveCfg = Debug|Any CPU
		{ABDDB53B-5688-4134-A6EB-9CBA4DECBF13}.Debug|Any CPU.Build.0 = Debug|Any CPU
		{ABDDB53B-5688-4134-A6EB-9CBA4DECBF13}.Release|Any CPU.ActiveCfg = Release|Any CPU
		{ABDDB53B-5688-4134-A6EB-9CBA4DECBF13}.Release|Any CPU.Build.0 = Release|Any CPU
	EndGlobalSection
	GlobalSection(SolutionProperties) = preSolution
		HideSolutionNode = FALSE
	EndGlobalSection
	GlobalSection(ExtensibilityGlobals) = postSolution
		SolutionGuid = {283A02C5-61BA-4A14-9B59-53D08F8A15EC}
	EndGlobalSection
EndGlobal
